{
  "name": "language-reviser-backend",
  "version": "1.0.0",
  "lockfileVersion": 1,
  "requires": true,
  "dependencies": {
    "@types/events": {
      "version": "3.0.0",
      "resolved": "https://registry.npmjs.org/@types/events/-/events-3.0.0.tgz",
      "integrity": "sha512-EaObqwIvayI5a8dCzhFrjKzVwKLxjoG9T6Ppd5CEo07LRKfQ8Yokw54r5+Wq7FaBQ+yXRvQAYPrHwya1/UFt9g==",
      "dev": true
    },
    "@types/node": {
      "version": "16.11.1",
      "resolved": "https://registry.npmjs.org/@types/node/-/node-16.11.1.tgz",
      "integrity": "sha512-PYGcJHL9mwl1Ek3PLiYgyEKtwTMmkMw4vbiyz/ps3pfdRYLVv+SN7qHVAImrjdAXxgluDEw6Ph4lyv+m9UpRmA==",
      "dev": true
    },
    "@types/ws": {
      "version": "5.1.0",
      "resolved": "https://registry.npmjs.org/@types/ws/-/ws-5.1.0.tgz",
      "integrity": "sha512-iT73Caj1QRK48+jOicM/aN+tNAFRWSeLZKkdbchctxKQU5ozzx141BnzVm1E6aIA9abBa1yWYvfdZdnC/smdPQ==",
      "dev": true,
      "requires": {
        "@types/events": "*",
        "@types/node": "*"
      }
    },
    "dotenv": {
      "version": "10.0.0",
      "resolved": "https://registry.npmjs.org/dotenv/-/dotenv-10.0.0.tgz",
      "integrity": "sha512-rlBi9d8jpv9Sf1klPjNfFAuWDjKLwTIJJ/VxtoTwIR6hnZxcEOQCZg2oIL3MWBYw5GpUDKOEnND7LXTbIpQ03Q=="
    },
    "picocolors": {
      "version": "1.0.0",
      "resolved": "https://registry.npmjs.org/picocolors/-/picocolors-1.0.0.tgz",
      "integrity": "sha512-1fygroTLlHu66zi26VoTDv8yRgm0Fccecssto+MhsZ0D/DGW2sm8E8AjW7NU5VVTRt5GxbeZ5qBuJr+HyLYkjQ=="
    },
    "typescript": {
      "version": "4.4.4",
      "resolved": "https://registry.npmjs.org/typescript/-/typescript-4.4.4.tgz",
      "integrity": "sha512-DqGhF5IKoBl8WNf8C1gu8q0xZSInh9j1kJJMqT3a94w1JzVaBU4EXOSMrz9yDqMT0xt3selp83fuFMQ0uzv6qA=="
    },
    "ws": {
      "version": "8.2.3",
      "resolved": "https://registry.npmjs.org/ws/-/ws-8.2.3.tgz",
      "integrity": "sha512-wBuoj1BDpC6ZQ1B7DWQBYVLphPWkm8i9Y0/3YdHjHKHiohOJ1ws+3OccDWtH+PoC9DZD5WOTrJvNbWvjS6JWaA=="
    }
  }
}
